
Microsoft Visual Studio Solution File, Format Version 12.00
# Visual Studio 15
VisualStudioVersion = 15.0.26124.0
MinimumVisualStudioVersion = 15.0.26124.0
Project("{9A19103F-16F7-4668-BE54-9A1E7A4F7556}") = "HttpMock.Net", "HttpMock.Net\HttpMock.Net.csproj", "{56F6C973-597E-4DEA-AA06-4E4E86254F6C}"
EndProject
Project("{9A19103F-16F7-4668-BE54-9A1E7A4F7556}") = "HttpMock.Net.ElasticSearch", "HttpMock.Net.ElasticSearch\HttpMock.Net.ElasticSearch.csproj", "{C48B28EE-1650-44DB-8C2F-3FB629CFA7F1}"
EndProject
Global
	GlobalSection(SolutionConfigurationPlatforms) = preSolution
		Debug|Any CPU = Debug|Any CPU
		Debug|x64 = Debug|x64
		Debug|x86 = Debug|x86
		Release|Any CPU = Release|Any CPU
		Release|x64 = Release|x64
		Release|x86 = Release|x86
	EndGlobalSection
	GlobalSection(ProjectConfigurationPlatforms) = postSolution
		{56F6C973-597E-4DEA-AA06-4E4E86254F6C}.Debug|Any CPU.ActiveCfg = Debug|Any CPU
		{56F6C973-597E-4DEA-AA06-4E4E86254F6C}.Debug|Any CPU.Build.0 = Debug|Any CPU
		{56F6C973-597E-4DEA-AA06-4E4E86254F6C}.Debug|x64.ActiveCfg = Debug|Any CPU
		{56F6C973-597E-4DEA-AA06-4E4E86254F6C}.Debug|x64.Build.0 = Debug|Any CPU
		{56F6C973-597E-4DEA-AA06-4E4E86254F6C}.Debug|x86.ActiveCfg = Debug|Any CPU
		{56F6C973-597E-4DEA-AA06-4E4E86254F6C}.Debug|x86.Build.0 = Debug|Any CPU
		{56F6C973-597E-4DEA-AA06-4E4E86254F6C}.Release|Any CPU.ActiveCfg = Release|Any CPU
		{56F6C973-597E-4DEA-AA06-4E4E86254F6C}.Release|Any CPU.Build.0 = Release|Any CPU
		{56F6C973-597E-4DEA-AA06-4E4E86254F6C}.Release|x64.ActiveCfg = Release|Any CPU
		{56F6C973-597E-4DEA-AA06-4E4E86254F6C}.Release|x64.Build.0 = Release|Any CPU
		{56F6C973-597E-4DEA-AA06-4E4E86254F6C}.Release|x86.ActiveCfg = Release|Any CPU
		{56F6C973-597E-4DEA-AA06-4E4E86254F6C}.Release|x86.Build.0 = Release|Any CPU
		{C48B28EE-1650-44DB-8C2F-3FB629CFA7F1}.Debug|Any CPU.ActiveCfg = Debug|Any CPU
		{C48B28EE-1650-44DB-8C2F-3FB629CFA7F1}.Debug|Any CPU.Build.0 = Debug|Any CPU
		{C48B28EE-1650-44DB-8C2F-3FB629CFA7F1}.Debug|x64.ActiveCfg = Debug|Any CPU
		{C48B28EE-1650-44DB-8C2F-3FB629CFA7F1}.Debug|x64.Build.0 = Debug|Any CPU
		{C48B28EE-1650-44DB-8C2F-3FB629CFA7F1}.Debug|x86.ActiveCfg = Debug|Any CPU
		{C48B28EE-1650-44DB-8C2F-3FB629CFA7F1}.Debug|x86.Build.0 = Debug|Any CPU
		{C48B28EE-1650-44DB-8C2F-3FB629CFA7F1}.Release|Any CPU.ActiveCfg = Release|Any CPU
		{C48B28EE-1650-44DB-8C2F-3FB629CFA7F1}.Release|Any CPU.Build.0 = Release|Any CPU
		{C48B28EE-1650-44DB-8C2F-3FB629CFA7F1}.Release|x64.ActiveCfg = Release|Any CPU
		{C48B28EE-1650-44DB-8C2F-3FB629CFA7F1}.Release|x64.Build.0 = Release|Any CPU
		{C48B28EE-1650-44DB-8C2F-3FB629CFA7F1}.Release|x86.ActiveCfg = Release|Any CPU
		{C48B28EE-1650-44DB-8C2F-3FB629CFA7F1}.Release|x86.Build.0 = Release|Any CPU
	EndGlobalSection
	GlobalSection(SolutionProperties) = preSolution
		HideSolutionNode = FALSE
	EndGlobalSection
	GlobalSection(ExtensibilityGlobals) = postSolution
		SolutionGuid = {3B0E41B5-9C48-4D0D-A862-BB7E7BAA95AE}
	EndGlobalSection
EndGlobal
